
Microsoft Visual Studio Solution File, Format Version 12.00
# Visual Studio Version 17
VisualStudioVersion = 17.5.002.0
MinimumVisualStudioVersion = 10.0.40219.1
Project("{9A19103F-16F7-4668-BE54-9A1E7A4F7556}") = "worktastic", "worktastic.csproj", "{CB2B0E3E-CD0E-401B-B38D-4BD33EB05A9C}"
EndProject
Global
	GlobalSection(SolutionConfigurationPlatforms) = preSolution
		Debug|Any CPU = Debug|Any CPU
		Release|Any CPU = Release|Any CPU
	EndGlobalSection
	GlobalSection(ProjectConfigurationPlatforms) = postSolution
		{CB2B0E3E-CD0E-401B-B38D-4BD33EB05A9C}.Debug|Any CPU.ActiveCfg = Debug|Any CPU
		{CB2B0E3E-CD0E-401B-B38D-4BD33EB05A9C}.Debug|Any CPU.Build.0 = Debug|Any CPU
		{CB2B0E3E-CD0E-401B-B38D-4BD33EB05A9C}.Release|Any CPU.ActiveCfg = Release|Any CPU
		{CB2B0E3E-CD0E-401B-B38D-4BD33EB05A9C}.Release|Any CPU.Build.0 = Release|Any CPU
	EndGlobalSection
	GlobalSection(SolutionProperties) = preSolution
		HideSolutionNode = FALSE
	EndGlobalSection
	GlobalSection(ExtensibilityGlobals) = postSolution
		SolutionGuid = {036EACCA-6110-4A3F-A134-9C9858A0597E}
	EndGlobalSection
EndGlobal
